
Microsoft Visual Studio Solution File, Format Version 12.00
# Visual Studio Version 17
VisualStudioVersion = 17.0.31903.59
MinimumVisualStudioVersion = 10.0.40219.1
Project("{FAE04EC0-301F-11D3-BF4B-00C04F79EFBC}") = "PeriodIQ.Api", "PeriodIQ.Api\PeriodIQ.Api.csproj", "{97427C6A-6134-4980-A53E-BEA9770FD758}"
EndProject
Project("{FAE04EC0-301F-11D3-BF4B-00C04F79EFBC}") = "PeriodIQ.Core", "PeriodIQ.Core\PeriodIQ.Core.csproj", "{AA969D4D-0F64-470D-9168-7B98C7D37699}"
EndProject
Project("{FAE04EC0-301F-11D3-BF4B-00C04F79EFBC}") = "PeriodIQ.Domain", "PeriodIQ.Domain\PeriodIQ.Domain.csproj", "{708334AB-C84E-45D8-9B1B-E793B47406E5}"
EndProject
Project("{FAE04EC0-301F-11D3-BF4B-00C04F79EFBC}") = "PeriodIQ.Infrastructure", "PeriodIQ.Infrastructure\PeriodIQ.Infrastructure.csproj", "{772A3D6F-216E-4C3C-BC47-75ACD5C7C6CC}"
EndProject
Project("{FAE04EC0-301F-11D3-BF4B-00C04F79EFBC}") = "PeriodIQ.Share", "PeriodIQ.Share\PeriodIQ.Share.csproj", "{03D993A4-DCEC-420E-B742-12A89FA7C87B}"
EndProject
Project("{FAE04EC0-301F-11D3-BF4B-00C04F79EFBC}") = "PeriodIQ.Api.Tests", "PeriodIQ.Api.Tests\PeriodIQ.Api.Tests.csproj", "{7063EF4A-797A-4D39-9565-4C7791BA1FCD}"
EndProject
Global
	GlobalSection(SolutionConfigurationPlatforms) = preSolution
		Debug|Any CPU = Debug|Any CPU
		Debug|x64 = Debug|x64
		Debug|x86 = Debug|x86
		Release|Any CPU = Release|Any CPU
		Release|x64 = Release|x64
		Release|x86 = Release|x86
	EndGlobalSection
	GlobalSection(ProjectConfigurationPlatforms) = postSolution
		{97427C6A-6134-4980-A53E-BEA9770FD758}.Debug|Any CPU.ActiveCfg = Debug|Any CPU
		{97427C6A-6134-4980-A53E-BEA9770FD758}.Debug|Any CPU.Build.0 = Debug|Any CPU
		{97427C6A-6134-4980-A53E-BEA9770FD758}.Debug|x64.ActiveCfg = Debug|Any CPU
		{97427C6A-6134-4980-A53E-BEA9770FD758}.Debug|x64.Build.0 = Debug|Any CPU
		{97427C6A-6134-4980-A53E-BEA9770FD758}.Debug|x86.ActiveCfg = Debug|Any CPU
		{97427C6A-6134-4980-A53E-BEA9770FD758}.Debug|x86.Build.0 = Debug|Any CPU
		{97427C6A-6134-4980-A53E-BEA9770FD758}.Release|Any CPU.ActiveCfg = Release|Any CPU
		{97427C6A-6134-4980-A53E-BEA9770FD758}.Release|Any CPU.Build.0 = Release|Any CPU
		{97427C6A-6134-4980-A53E-BEA9770FD758}.Release|x64.ActiveCfg = Release|Any CPU
		{97427C6A-6134-4980-A53E-BEA9770FD758}.Release|x64.Build.0 = Release|Any CPU
		{97427C6A-6134-4980-A53E-BEA9770FD758}.Release|x86.ActiveCfg = Release|Any CPU
		{97427C6A-6134-4980-A53E-BEA9770FD758}.Release|x86.Build.0 = Release|Any CPU
		{AA969D4D-0F64-470D-9168-7B98C7D37699}.Debug|Any CPU.ActiveCfg = Debug|Any CPU
		{AA969D4D-0F64-470D-9168-7B98C7D37699}.Debug|Any CPU.Build.0 = Debug|Any CPU
		{AA969D4D-0F64-470D-9168-7B98C7D37699}.Debug|x64.ActiveCfg = Debug|Any CPU
		{AA969D4D-0F64-470D-9168-7B98C7D37699}.Debug|x64.Build.0 = Debug|Any CPU
		{AA969D4D-0F64-470D-9168-7B98C7D37699}.Debug|x86.ActiveCfg = Debug|Any CPU
		{AA969D4D-0F64-470D-9168-7B98C7D37699}.Debug|x86.Build.0 = Debug|Any CPU
		{AA969D4D-0F64-470D-9168-7B98C7D37699}.Release|Any CPU.ActiveCfg = Release|Any CPU
		{AA969D4D-0F64-470D-9168-7B98C7D37699}.Release|Any CPU.Build.0 = Release|Any CPU
		{AA969D4D-0F64-470D-9168-7B98C7D37699}.Release|x64.ActiveCfg = Release|Any CPU
		{AA969D4D-0F64-470D-9168-7B98C7D37699}.Release|x64.Build.0 = Release|Any CPU
		{AA969D4D-0F64-470D-9168-7B98C7D37699}.Release|x86.ActiveCfg = Release|Any CPU
		{AA969D4D-0F64-470D-9168-7B98C7D37699}.Release|x86.Build.0 = Release|Any CPU
		{708334AB-C84E-45D8-9B1B-E793B47406E5}.Debug|Any CPU.ActiveCfg = Debug|Any CPU
		{708334AB-C84E-45D8-9B1B-E793B47406E5}.Debug|Any CPU.Build.0 = Debug|Any CPU
		{708334AB-C84E-45D8-9B1B-E793B47406E5}.Debug|x64.ActiveCfg = Debug|Any CPU
		{708334AB-C84E-45D8-9B1B-E793B47406E5}.Debug|x64.Build.0 = Debug|Any CPU
		{708334AB-C84E-45D8-9B1B-E793B47406E5}.Debug|x86.ActiveCfg = Debug|Any CPU
		{708334AB-C84E-45D8-9B1B-E793B47406E5}.Debug|x86.Build.0 = Debug|Any CPU
		{708334AB-C84E-45D8-9B1B-E793B47406E5}.Release|Any CPU.ActiveCfg = Release|Any CPU
		{708334AB-C84E-45D8-9B1B-E793B47406E5}.Release|Any CPU.Build.0 = Release|Any CPU
		{708334AB-C84E-45D8-9B1B-E793B47406E5}.Release|x64.ActiveCfg = Release|Any CPU
		{708334AB-C84E-45D8-9B1B-E793B47406E5}.Release|x64.Build.0 = Release|Any CPU
		{708334AB-C84E-45D8-9B1B-E793B47406E5}.Release|x86.ActiveCfg = Release|Any CPU
		{708334AB-C84E-45D8-9B1B-E793B47406E5}.Release|x86.Build.0 = Release|Any CPU
		{772A3D6F-216E-4C3C-BC47-75ACD5C7C6CC}.Debug|Any CPU.ActiveCfg = Debug|Any CPU
		{772A3D6F-216E-4C3C-BC47-75ACD5C7C6CC}.Debug|Any CPU.Build.0 = Debug|Any CPU
		{772A3D6F-216E-4C3C-BC47-75ACD5C7C6CC}.Debug|x64.ActiveCfg = Debug|Any CPU
		{772A3D6F-216E-4C3C-BC47-75ACD5C7C6CC}.Debug|x64.Build.0 = Debug|Any CPU
		{772A3D6F-216E-4C3C-BC47-75ACD5C7C6CC}.Debug|x86.ActiveCfg = Debug|Any CPU
		{772A3D6F-216E-4C3C-BC47-75ACD5C7C6CC}.Debug|x86.Build.0 = Debug|Any CPU
		{772A3D6F-216E-4C3C-BC47-75ACD5C7C6CC}.Release|Any CPU.ActiveCfg = Release|Any CPU
		{772A3D6F-216E-4C3C-BC47-75ACD5C7C6CC}.Release|Any CPU.Build.0 = Release|Any CPU
		{772A3D6F-216E-4C3C-BC47-75ACD5C7C6CC}.Release|x64.ActiveCfg = Release|Any CPU
		{772A3D6F-216E-4C3C-BC47-75ACD5C7C6CC}.Release|x64.Build.0 = Release|Any CPU
		{772A3D6F-216E-4C3C-BC47-75ACD5C7C6CC}.Release|x86.ActiveCfg = Release|Any CPU
		{772A3D6F-216E-4C3C-BC47-75ACD5C7C6CC}.Release|x86.Build.0 = Release|Any CPU
		{03D993A4-DCEC-420E-B742-12A89FA7C87B}.Debug|Any CPU.ActiveCfg = Debug|Any CPU
		{03D993A4-DCEC-420E-B742-12A89FA7C87B}.Debug|Any CPU.Build.0 = Debug|Any CPU
		{03D993A4-DCEC-420E-B742-12A89FA7C87B}.Debug|x64.ActiveCfg = Debug|Any CPU
		{03D993A4-DCEC-420E-B742-12A89FA7C87B}.Debug|x64.Build.0 = Debug|Any CPU
		{03D993A4-DCEC-420E-B742-12A89FA7C87B}.Debug|x86.ActiveCfg = Debug|Any CPU
		{03D993A4-DCEC-420E-B742-12A89FA7C87B}.Debug|x86.Build.0 = Debug|Any CPU
		{03D993A4-DCEC-420E-B742-12A89FA7C87B}.Release|Any CPU.ActiveCfg = Release|Any CPU
		{03D993A4-DCEC-420E-B742-12A89FA7C87B}.Release|Any CPU.Build.0 = Release|Any CPU
		{03D993A4-DCEC-420E-B742-12A89FA7C87B}.Release|x64.ActiveCfg = Release|Any CPU
		{03D993A4-DCEC-420E-B742-12A89FA7C87B}.Release|x64.Build.0 = Release|Any CPU
		{03D993A4-DCEC-420E-B742-12A89FA7C87B}.Release|x86.ActiveCfg = Release|Any CPU
		{03D993A4-DCEC-420E-B742-12A89FA7C87B}.Release|x86.Build.0 = Release|Any CPU
		{7063EF4A-797A-4D39-9565-4C7791BA1FCD}.Debug|Any CPU.ActiveCfg = Debug|Any CPU
		{7063EF4A-797A-4D39-9565-4C7791BA1FCD}.Debug|Any CPU.Build.0 = Debug|Any CPU
		{7063EF4A-797A-4D39-9565-4C7791BA1FCD}.Debug|x64.ActiveCfg = Debug|Any CPU
		{7063EF4A-797A-4D39-9565-4C7791BA1FCD}.Debug|x64.Build.0 = Debug|Any CPU
		{7063EF4A-797A-4D39-9565-4C7791BA1FCD}.Debug|x86.ActiveCfg = Debug|Any CPU
		{7063EF4A-797A-4D39-9565-4C7791BA1FCD}.Debug|x86.Build.0 = Debug|Any CPU
		{7063EF4A-797A-4D39-9565-4C7791BA1FCD}.Release|Any CPU.ActiveCfg = Release|Any CPU
		{7063EF4A-797A-4D39-9565-4C7791BA1FCD}.Release|Any CPU.Build.0 = Release|Any CPU
		{7063EF4A-797A-4D39-9565-4C7791BA1FCD}.Release|x64.ActiveCfg = Release|Any CPU
		{7063EF4A-797A-4D39-9565-4C7791BA1FCD}.Release|x64.Build.0 = Release|Any CPU
		{7063EF4A-797A-4D39-9565-4C7791BA1FCD}.Release|x86.ActiveCfg = Release|Any CPU
		{7063EF4A-797A-4D39-9565-4C7791BA1FCD}.Release|x86.Build.0 = Release|Any CPU
	EndGlobalSection
	GlobalSection(SolutionProperties) = preSolution
		HideSolutionNode = FALSE
	EndGlobalSection
EndGlobal
